
Microsoft Visual Studio Solution File, Format Version 12.00
# Visual Studio 2012
Project("{8BC9CEB8-8B4A-11D0-8D11-00A0C91BC942}") = "Lab19", "Lab19\Lab19.vcxproj", "{A62D7BFC-9E38-4D05-A2F1-A42E7D550C98}"
EndProject
Global
	GlobalSection(SolutionConfigurationPlatforms) = preSolution
		Debug|Win32 = Debug|Win32
		Release|Win32 = Release|Win32
	EndGlobalSection
	GlobalSection(ProjectConfigurationPlatforms) = postSolution
		{A62D7BFC-9E38-4D05-A2F1-A42E7D550C98}.Debug|Win32.ActiveCfg = Debug|Win32
		{A62D7BFC-9E38-4D05-A2F1-A42E7D550C98}.Debug|Win32.Build.0 = Debug|Win32
		{A62D7BFC-9E38-4D05-A2F1-A42E7D550C98}.Release|Win32.ActiveCfg = Release|Win32
		{A62D7BFC-9E38-4D05-A2F1-A42E7D550C98}.Release|Win32.Build.0 = Release|Win32
	EndGlobalSection
	GlobalSection(SolutionProperties) = preSolution
		HideSolutionNode = FALSE
	EndGlobalSection
EndGlobal
