
Microsoft Visual Studio Solution File, Format Version 12.00
# Visual Studio 2012
Project("{8BC9CEB8-8B4A-11D0-8D11-00A0C91BC942}") = "Lab12", "Lab12\Lab12.vcxproj", "{AA74E69A-C462-4BEA-B9D2-407F131B9575}"
EndProject
Global
	GlobalSection(SolutionConfigurationPlatforms) = preSolution
		Debug|Win32 = Debug|Win32
		Release|Win32 = Release|Win32
	EndGlobalSection
	GlobalSection(ProjectConfigurationPlatforms) = postSolution
		{AA74E69A-C462-4BEA-B9D2-407F131B9575}.Debug|Win32.ActiveCfg = Debug|Win32
		{AA74E69A-C462-4BEA-B9D2-407F131B9575}.Debug|Win32.Build.0 = Debug|Win32
		{AA74E69A-C462-4BEA-B9D2-407F131B9575}.Release|Win32.ActiveCfg = Release|Win32
		{AA74E69A-C462-4BEA-B9D2-407F131B9575}.Release|Win32.Build.0 = Release|Win32
	EndGlobalSection
	GlobalSection(SolutionProperties) = preSolution
		HideSolutionNode = FALSE
	EndGlobalSection
EndGlobal
